
Microsoft Visual Studio Solution File, Format Version 12.00
# Visual Studio Version 16
VisualStudioVersion = 16.0.30907.101
MinimumVisualStudioVersion = 10.0.40219.1
Project("{FAE04EC0-301F-11D3-BF4B-00C04F79EFBC}") = "Projeto Teste", "Projeto Teste\Projeto Teste.csproj", "{C17524FD-A588-4C96-9B46-9422E2F4AA03}"
EndProject
Global
	GlobalSection(SolutionConfigurationPlatforms) = preSolution
		Debug|Any CPU = Debug|Any CPU
		Release|Any CPU = Release|Any CPU
	EndGlobalSection
	GlobalSection(ProjectConfigurationPlatforms) = postSolution
		{C17524FD-A588-4C96-9B46-9422E2F4AA03}.Debug|Any CPU.ActiveCfg = Debug|Any CPU
		{C17524FD-A588-4C96-9B46-9422E2F4AA03}.Debug|Any CPU.Build.0 = Debug|Any CPU
		{C17524FD-A588-4C96-9B46-9422E2F4AA03}.Release|Any CPU.ActiveCfg = Release|Any CPU
		{C17524FD-A588-4C96-9B46-9422E2F4AA03}.Release|Any CPU.Build.0 = Release|Any CPU
	EndGlobalSection
	GlobalSection(SolutionProperties) = preSolution
		HideSolutionNode = FALSE
	EndGlobalSection
	GlobalSection(ExtensibilityGlobals) = postSolution
		SolutionGuid = {83B9475B-8D76-48C6-9CDF-4E69446E4E05}
	EndGlobalSection
EndGlobal
